
Microsoft Visual Studio Solution File, Format Version 12.00
# Visual Studio Version 16
VisualStudioVersion = 16.0.32630.194
MinimumVisualStudioVersion = 10.0.40219.1
Project("{FAE04EC0-301F-11D3-BF4B-00C04F79EFBC}") = "MajinClient", "Mod v1984\MajinClient.csproj", "{5F362ACD-6D4B-4FE8-8F2A-595AB55EB642}"
EndProject
Project("{2150E333-8FDC-42A3-9474-1A3956D46DE8}") = "Solution Items", "Solution Items", "{A4571E4F-20A4-4B32-93AD-6907512B07DF}"
	ProjectSection(SolutionItems) = preProject
		.editorconfig = .editorconfig
	EndProjectSection
EndProject
Global
	GlobalSection(SolutionConfigurationPlatforms) = preSolution
		Debug|Any CPU = Debug|Any CPU
		Release|Any CPU = Release|Any CPU
	EndGlobalSection
	GlobalSection(ProjectConfigurationPlatforms) = postSolution
		{5F362ACD-6D4B-4FE8-8F2A-595AB55EB642}.Debug|Any CPU.ActiveCfg = Debug|Any CPU
		{5F362ACD-6D4B-4FE8-8F2A-595AB55EB642}.Debug|Any CPU.Build.0 = Debug|Any CPU
		{5F362ACD-6D4B-4FE8-8F2A-595AB55EB642}.Release|Any CPU.ActiveCfg = Release|Any CPU
		{5F362ACD-6D4B-4FE8-8F2A-595AB55EB642}.Release|Any CPU.Build.0 = Release|Any CPU
	EndGlobalSection
	GlobalSection(SolutionProperties) = preSolution
		HideSolutionNode = FALSE
	EndGlobalSection
	GlobalSection(ExtensibilityGlobals) = postSolution
		SolutionGuid = {79C5B0BF-65F8-4F6B-8111-D1264F6D9A7F}
	EndGlobalSection
EndGlobal
